
Microsoft Visual Studio Solution File, Format Version 12.00
# Visual Studio 14
VisualStudioVersion = 14.0.25123.0
MinimumVisualStudioVersion = 10.0.40219.1
Project("{FAE04EC0-301F-11D3-BF4B-00C04F79EFBC}") = "TicTacToeManager.Droid", "TicTacToeManager\TicTacToeManager.Droid\TicTacToeManager.Droid.csproj", "{773318AF-66A5-4971-9B32-3BC59B2AA287}"
EndProject
Project("{FAE04EC0-301F-11D3-BF4B-00C04F79EFBC}") = "TicTacToeManager.iOS", "TicTacToeManager\TicTacToeManager.iOS\TicTacToeManager.iOS.csproj", "{E93BF19A-EACF-4D67-8D7B-3B5E378BA3BF}"
EndProject
Project("{FAE04EC0-301F-11D3-BF4B-00C04F79EFBC}") = "TicTacToeManager", "TicTacToeManager\TicTacToeManager\TicTacToeManager.csproj", "{29C02A08-5C77-47A5-9815-D6366A73A9C2}"
EndProject
Global
	GlobalSection(SolutionConfigurationPlatforms) = preSolution
		AppStore|Any CPU = AppStore|Any CPU
		AppStore|ARM = AppStore|ARM
		AppStore|iPhone = AppStore|iPhone
		AppStore|iPhoneSimulator = AppStore|iPhoneSimulator
		AppStore|x86 = AppStore|x86
		Debug|Any CPU = Debug|Any CPU
		Debug|ARM = Debug|ARM
		Debug|iPhone = Debug|iPhone
		Debug|iPhoneSimulator = Debug|iPhoneSimulator
		Debug|x86 = Debug|x86
		Release|Any CPU = Release|Any CPU
		Release|ARM = Release|ARM
		Release|iPhone = Release|iPhone
		Release|iPhoneSimulator = Release|iPhoneSimulator
		Release|x86 = Release|x86
	EndGlobalSection
	GlobalSection(ProjectConfigurationPlatforms) = postSolution
		{773318AF-66A5-4971-9B32-3BC59B2AA287}.AppStore|Any CPU.ActiveCfg = Release|Any CPU
		{773318AF-66A5-4971-9B32-3BC59B2AA287}.AppStore|Any CPU.Build.0 = Release|Any CPU
		{773318AF-66A5-4971-9B32-3BC59B2AA287}.AppStore|Any CPU.Deploy.0 = Release|Any CPU
		{773318AF-66A5-4971-9B32-3BC59B2AA287}.AppStore|ARM.ActiveCfg = Release|Any CPU
		{773318AF-66A5-4971-9B32-3BC59B2AA287}.AppStore|ARM.Build.0 = Release|Any CPU
		{773318AF-66A5-4971-9B32-3BC59B2AA287}.AppStore|ARM.Deploy.0 = Release|Any CPU
		{773318AF-66A5-4971-9B32-3BC59B2AA287}.AppStore|iPhone.ActiveCfg = Release|Any CPU
		{773318AF-66A5-4971-9B32-3BC59B2AA287}.AppStore|iPhone.Build.0 = Release|Any CPU
		{773318AF-66A5-4971-9B32-3BC59B2AA287}.AppStore|iPhone.Deploy.0 = Release|Any CPU
		{773318AF-66A5-4971-9B32-3BC59B2AA287}.AppStore|iPhoneSimulator.ActiveCfg = Release|Any CPU
		{773318AF-66A5-4971-9B32-3BC59B2AA287}.AppStore|iPhoneSimulator.Build.0 = Release|Any CPU
		{773318AF-66A5-4971-9B32-3BC59B2AA287}.AppStore|iPhoneSimulator.Deploy.0 = Release|Any CPU
		{773318AF-66A5-4971-9B32-3BC59B2AA287}.AppStore|x86.ActiveCfg = Release|Any CPU
		{773318AF-66A5-4971-9B32-3BC59B2AA287}.AppStore|x86.Build.0 = Release|Any CPU
		{773318AF-66A5-4971-9B32-3BC59B2AA287}.AppStore|x86.Deploy.0 = Release|Any CPU
		{773318AF-66A5-4971-9B32-3BC59B2AA287}.Debug|Any CPU.ActiveCfg = Debug|Any CPU
		{773318AF-66A5-4971-9B32-3BC59B2AA287}.Debug|Any CPU.Build.0 = Debug|Any CPU
		{773318AF-66A5-4971-9B32-3BC59B2AA287}.Debug|Any CPU.Deploy.0 = Debug|Any CPU
		{773318AF-66A5-4971-9B32-3BC59B2AA287}.Debug|ARM.ActiveCfg = Debug|Any CPU
		{773318AF-66A5-4971-9B32-3BC59B2AA287}.Debug|ARM.Build.0 = Debug|Any CPU
		{773318AF-66A5-4971-9B32-3BC59B2AA287}.Debug|ARM.Deploy.0 = Debug|Any CPU
		{773318AF-66A5-4971-9B32-3BC59B2AA287}.Debug|iPhone.ActiveCfg = Debug|Any CPU
		{773318AF-66A5-4971-9B32-3BC59B2AA287}.Debug|iPhone.Build.0 = Debug|Any CPU
		{773318AF-66A5-4971-9B32-3BC59B2AA287}.Debug|iPhone.Deploy.0 = Debug|Any CPU
		{773318AF-66A5-4971-9B32-3BC59B2AA287}.Debug|iPhoneSimulator.ActiveCfg = Debug|Any CPU
		{773318AF-66A5-4971-9B32-3BC59B2AA287}.Debug|iPhoneSimulator.Build.0 = Debug|Any CPU
		{773318AF-66A5-4971-9B32-3BC59B2AA287}.Debug|iPhoneSimulator.Deploy.0 = Debug|Any CPU
		{773318AF-66A5-4971-9B32-3BC59B2AA287}.Debug|x86.ActiveCfg = Debug|Any CPU
		{773318AF-66A5-4971-9B32-3BC59B2AA287}.Debug|x86.Build.0 = Debug|Any CPU
		{773318AF-66A5-4971-9B32-3BC59B2AA287}.Debug|x86.Deploy.0 = Debug|Any CPU
		{773318AF-66A5-4971-9B32-3BC59B2AA287}.Release|Any CPU.ActiveCfg = Release|Any CPU
		{773318AF-66A5-4971-9B32-3BC59B2AA287}.Release|Any CPU.Build.0 = Release|Any CPU
		{773318AF-66A5-4971-9B32-3BC59B2AA287}.Release|Any CPU.Deploy.0 = Release|Any CPU
		{773318AF-66A5-4971-9B32-3BC59B2AA287}.Release|ARM.ActiveCfg = Release|Any CPU
		{773318AF-66A5-4971-9B32-3BC59B2AA287}.Release|ARM.Build.0 = Release|Any CPU
		{773318AF-66A5-4971-9B32-3BC59B2AA287}.Release|ARM.Deploy.0 = Release|Any CPU
		{773318AF-66A5-4971-9B32-3BC59B2AA287}.Release|iPhone.ActiveCfg = Release|Any CPU
		{773318AF-66A5-4971-9B32-3BC59B2AA287}.Release|iPhone.Build.0 = Release|Any CPU
		{773318AF-66A5-4971-9B32-3BC59B2AA287}.Release|iPhone.Deploy.0 = Release|Any CPU
		{773318AF-66A5-4971-9B32-3BC59B2AA287}.Release|iPhoneSimulator.ActiveCfg = Release|Any CPU
		{773318AF-66A5-4971-9B32-3BC59B2AA287}.Release|iPhoneSimulator.Build.0 = Release|Any CPU
		{773318AF-66A5-4971-9B32-3BC59B2AA287}.Release|iPhoneSimulator.Deploy.0 = Release|Any CPU
		{773318AF-66A5-4971-9B32-3BC59B2AA287}.Release|x86.ActiveCfg = Release|Any CPU
		{773318AF-66A5-4971-9B32-3BC59B2AA287}.Release|x86.Build.0 = Release|Any CPU
		{773318AF-66A5-4971-9B32-3BC59B2AA287}.Release|x86.Deploy.0 = Release|Any CPU
		{E93BF19A-EACF-4D67-8D7B-3B5E378BA3BF}.AppStore|Any CPU.ActiveCfg = AppStore|iPhone
		{E93BF19A-EACF-4D67-8D7B-3B5E378BA3BF}.AppStore|ARM.ActiveCfg = AppStore|iPhone
		{E93BF19A-EACF-4D67-8D7B-3B5E378BA3BF}.AppStore|iPhone.ActiveCfg = AppStore|iPhone
		{E93BF19A-EACF-4D67-8D7B-3B5E378BA3BF}.AppStore|iPhone.Build.0 = AppStore|iPhone
		{E93BF19A-EACF-4D67-8D7B-3B5E378BA3BF}.AppStore|iPhoneSimulator.ActiveCfg = AppStore|iPhoneSimulator
		{E93BF19A-EACF-4D67-8D7B-3B5E378BA3BF}.AppStore|iPhoneSimulator.Build.0 = AppStore|iPhoneSimulator
		{E93BF19A-EACF-4D67-8D7B-3B5E378BA3BF}.AppStore|x86.ActiveCfg = AppStore|iPhone
		{E93BF19A-EACF-4D67-8D7B-3B5E378BA3BF}.Debug|Any CPU.ActiveCfg = Debug|iPhone
		{E93BF19A-EACF-4D67-8D7B-3B5E378BA3BF}.Debug|ARM.ActiveCfg = Debug|iPhone
		{E93BF19A-EACF-4D67-8D7B-3B5E378BA3BF}.Debug|iPhone.ActiveCfg = Debug|iPhone
		{E93BF19A-EACF-4D67-8D7B-3B5E378BA3BF}.Debug|iPhone.Build.0 = Debug|iPhone
		{E93BF19A-EACF-4D67-8D7B-3B5E378BA3BF}.Debug|iPhoneSimulator.ActiveCfg = Debug|iPhoneSimulator
		{E93BF19A-EACF-4D67-8D7B-3B5E378BA3BF}.Debug|iPhoneSimulator.Build.0 = Debug|iPhoneSimulator
		{E93BF19A-EACF-4D67-8D7B-3B5E378BA3BF}.Debug|x86.ActiveCfg = Debug|iPhone
		{E93BF19A-EACF-4D67-8D7B-3B5E378BA3BF}.Release|Any CPU.ActiveCfg = Release|iPhone
		{E93BF19A-EACF-4D67-8D7B-3B5E378BA3BF}.Release|ARM.ActiveCfg = Release|iPhone
		{E93BF19A-EACF-4D67-8D7B-3B5E378BA3BF}.Release|iPhone.ActiveCfg = Release|iPhone
		{E93BF19A-EACF-4D67-8D7B-3B5E378BA3BF}.Release|iPhone.Build.0 = Release|iPhone
		{E93BF19A-EACF-4D67-8D7B-3B5E378BA3BF}.Release|iPhoneSimulator.ActiveCfg = Release|iPhoneSimulator
		{E93BF19A-EACF-4D67-8D7B-3B5E378BA3BF}.Release|iPhoneSimulator.Build.0 = Release|iPhoneSimulator
		{E93BF19A-EACF-4D67-8D7B-3B5E378BA3BF}.Release|x86.ActiveCfg = Release|iPhone
		{29C02A08-5C77-47A5-9815-D6366A73A9C2}.AppStore|Any CPU.ActiveCfg = Release|Any CPU
		{29C02A08-5C77-47A5-9815-D6366A73A9C2}.AppStore|Any CPU.Build.0 = Release|Any CPU
		{29C02A08-5C77-47A5-9815-D6366A73A9C2}.AppStore|ARM.ActiveCfg = Release|Any CPU
		{29C02A08-5C77-47A5-9815-D6366A73A9C2}.AppStore|ARM.Build.0 = Release|Any CPU
		{29C02A08-5C77-47A5-9815-D6366A73A9C2}.AppStore|iPhone.ActiveCfg = Release|Any CPU
		{29C02A08-5C77-47A5-9815-D6366A73A9C2}.AppStore|iPhone.Build.0 = Release|Any CPU
		{29C02A08-5C77-47A5-9815-D6366A73A9C2}.AppStore|iPhoneSimulator.ActiveCfg = Release|Any CPU
		{29C02A08-5C77-47A5-9815-D6366A73A9C2}.AppStore|iPhoneSimulator.Build.0 = Release|Any CPU
		{29C02A08-5C77-47A5-9815-D6366A73A9C2}.AppStore|x86.ActiveCfg = Release|Any CPU
		{29C02A08-5C77-47A5-9815-D6366A73A9C2}.AppStore|x86.Build.0 = Release|Any CPU
		{29C02A08-5C77-47A5-9815-D6366A73A9C2}.Debug|Any CPU.ActiveCfg = Debug|Any CPU
		{29C02A08-5C77-47A5-9815-D6366A73A9C2}.Debug|Any CPU.Build.0 = Debug|Any CPU
		{29C02A08-5C77-47A5-9815-D6366A73A9C2}.Debug|ARM.ActiveCfg = Debug|Any CPU
		{29C02A08-5C77-47A5-9815-D6366A73A9C2}.Debug|ARM.Build.0 = Debug|Any CPU
		{29C02A08-5C77-47A5-9815-D6366A73A9C2}.Debug|iPhone.ActiveCfg = Debug|Any CPU
		{29C02A08-5C77-47A5-9815-D6366A73A9C2}.Debug|iPhone.Build.0 = Debug|Any CPU
		{29C02A08-5C77-47A5-9815-D6366A73A9C2}.Debug|iPhoneSimulator.ActiveCfg = Debug|Any CPU
		{29C02A08-5C77-47A5-9815-D6366A73A9C2}.Debug|iPhoneSimulator.Build.0 = Debug|Any CPU
		{29C02A08-5C77-47A5-9815-D6366A73A9C2}.Debug|x86.ActiveCfg = Debug|Any CPU
		{29C02A08-5C77-47A5-9815-D6366A73A9C2}.Debug|x86.Build.0 = Debug|Any CPU
		{29C02A08-5C77-47A5-9815-D6366A73A9C2}.Release|Any CPU.ActiveCfg = Release|Any CPU
		{29C02A08-5C77-47A5-9815-D6366A73A9C2}.Release|Any CPU.Build.0 = Release|Any CPU
		{29C02A08-5C77-47A5-9815-D6366A73A9C2}.Release|ARM.ActiveCfg = Release|Any CPU
		{29C02A08-5C77-47A5-9815-D6366A73A9C2}.Release|ARM.Build.0 = Release|Any CPU
		{29C02A08-5C77-47A5-9815-D6366A73A9C2}.Release|iPhone.ActiveCfg = Release|Any CPU
		{29C02A08-5C77-47A5-9815-D6366A73A9C2}.Release|iPhone.Build.0 = Release|Any CPU
		{29C02A08-5C77-47A5-9815-D6366A73A9C2}.Release|iPhoneSimulator.ActiveCfg = Release|Any CPU
		{29C02A08-5C77-47A5-9815-D6366A73A9C2}.Release|iPhoneSimulator.Build.0 = Release|Any CPU
		{29C02A08-5C77-47A5-9815-D6366A73A9C2}.Release|x86.ActiveCfg = Release|Any CPU
		{29C02A08-5C77-47A5-9815-D6366A73A9C2}.Release|x86.Build.0 = Release|Any CPU
	EndGlobalSection
	GlobalSection(SolutionProperties) = preSolution
		HideSolutionNode = FALSE
	EndGlobalSection
EndGlobal
